
Microsoft Visual Studio Solution File, Format Version 12.00
# Visual Studio 15
VisualStudioVersion = 15.0.27703.2035
MinimumVisualStudioVersion = 10.0.40219.1
Project("{FAE04EC0-301F-11D3-BF4B-00C04F79EFBC}") = "MuslimSurvivalKit.Android", "MuslimSurvivalKit\MuslimSurvivalKit.Android\MuslimSurvivalKit.Android.csproj", "{872293AD-5A40-4702-B8E4-91386A7C7D85}"
EndProject
Project("{FAE04EC0-301F-11D3-BF4B-00C04F79EFBC}") = "MuslimSurvivalKit.iOS", "MuslimSurvivalKit\MuslimSurvivalKit.iOS\MuslimSurvivalKit.iOS.csproj", "{21AFFCB2-2888-4A2E-9AAA-202F4A032757}"
EndProject
Project("{FAE04EC0-301F-11D3-BF4B-00C04F79EFBC}") = "MuslimSurvivalKit.UWP", "MuslimSurvivalKit\MuslimSurvivalKit.UWP\MuslimSurvivalKit.UWP.csproj", "{617643D1-8C94-42B1-B530-44575EE74611}"
EndProject
Project("{D954291E-2A0B-460D-934E-DC6B0785DB48}") = "MuslimSurvivalKit", "MuslimSurvivalKit\MuslimSurvivalKit\MuslimSurvivalKit.shproj", "{5B1755B8-2DF0-49E6-A903-CF63F8F14D0D}"
EndProject
Global
	GlobalSection(SharedMSBuildProjectFiles) = preSolution
		MuslimSurvivalKit\MuslimSurvivalKit\MuslimSurvivalKit.projitems*{21affcb2-2888-4a2e-9aaa-202f4a032757}*SharedItemsImports = 4
		MuslimSurvivalKit\MuslimSurvivalKit\MuslimSurvivalKit.projitems*{5b1755b8-2df0-49e6-a903-cf63f8f14d0d}*SharedItemsImports = 13
		MuslimSurvivalKit\MuslimSurvivalKit\MuslimSurvivalKit.projitems*{617643d1-8c94-42b1-b530-44575ee74611}*SharedItemsImports = 4
		MuslimSurvivalKit\MuslimSurvivalKit\MuslimSurvivalKit.projitems*{872293ad-5a40-4702-b8e4-91386a7c7d85}*SharedItemsImports = 4
	EndGlobalSection
	GlobalSection(SolutionConfigurationPlatforms) = preSolution
		Ad-Hoc|Any CPU = Ad-Hoc|Any CPU
		Ad-Hoc|ARM = Ad-Hoc|ARM
		Ad-Hoc|iPhone = Ad-Hoc|iPhone
		Ad-Hoc|iPhoneSimulator = Ad-Hoc|iPhoneSimulator
		Ad-Hoc|x64 = Ad-Hoc|x64
		Ad-Hoc|x86 = Ad-Hoc|x86
		AppStore|Any CPU = AppStore|Any CPU
		AppStore|ARM = AppStore|ARM
		AppStore|iPhone = AppStore|iPhone
		AppStore|iPhoneSimulator = AppStore|iPhoneSimulator
		AppStore|x64 = AppStore|x64
		AppStore|x86 = AppStore|x86
		Debug|Any CPU = Debug|Any CPU
		Debug|ARM = Debug|ARM
		Debug|iPhone = Debug|iPhone
		Debug|iPhoneSimulator = Debug|iPhoneSimulator
		Debug|x64 = Debug|x64
		Debug|x86 = Debug|x86
		Release|Any CPU = Release|Any CPU
		Release|ARM = Release|ARM
		Release|iPhone = Release|iPhone
		Release|iPhoneSimulator = Release|iPhoneSimulator
		Release|x64 = Release|x64
		Release|x86 = Release|x86
	EndGlobalSection
	GlobalSection(ProjectConfigurationPlatforms) = postSolution
		{872293AD-5A40-4702-B8E4-91386A7C7D85}.Ad-Hoc|Any CPU.ActiveCfg = Release|Any CPU
		{872293AD-5A40-4702-B8E4-91386A7C7D85}.Ad-Hoc|Any CPU.Build.0 = Release|Any CPU
		{872293AD-5A40-4702-B8E4-91386A7C7D85}.Ad-Hoc|Any CPU.Deploy.0 = Release|Any CPU
		{872293AD-5A40-4702-B8E4-91386A7C7D85}.Ad-Hoc|ARM.ActiveCfg = Release|Any CPU
		{872293AD-5A40-4702-B8E4-91386A7C7D85}.Ad-Hoc|ARM.Build.0 = Release|Any CPU
		{872293AD-5A40-4702-B8E4-91386A7C7D85}.Ad-Hoc|ARM.Deploy.0 = Release|Any CPU
		{872293AD-5A40-4702-B8E4-91386A7C7D85}.Ad-Hoc|iPhone.ActiveCfg = Release|Any CPU
		{872293AD-5A40-4702-B8E4-91386A7C7D85}.Ad-Hoc|iPhone.Build.0 = Release|Any CPU
		{872293AD-5A40-4702-B8E4-91386A7C7D85}.Ad-Hoc|iPhone.Deploy.0 = Release|Any CPU
		{872293AD-5A40-4702-B8E4-91386A7C7D85}.Ad-Hoc|iPhoneSimulator.ActiveCfg = Release|Any CPU
		{872293AD-5A40-4702-B8E4-91386A7C7D85}.Ad-Hoc|iPhoneSimulator.Build.0 = Release|Any CPU
		{872293AD-5A40-4702-B8E4-91386A7C7D85}.Ad-Hoc|iPhoneSimulator.Deploy.0 = Release|Any CPU
		{872293AD-5A40-4702-B8E4-91386A7C7D85}.Ad-Hoc|x64.ActiveCfg = Release|Any CPU
		{872293AD-5A40-4702-B8E4-91386A7C7D85}.Ad-Hoc|x64.Build.0 = Release|Any CPU
		{872293AD-5A40-4702-B8E4-91386A7C7D85}.Ad-Hoc|x64.Deploy.0 = Release|Any CPU
		{872293AD-5A40-4702-B8E4-91386A7C7D85}.Ad-Hoc|x86.ActiveCfg = Release|Any CPU
		{872293AD-5A40-4702-B8E4-91386A7C7D85}.Ad-Hoc|x86.Build.0 = Release|Any CPU
		{872293AD-5A40-4702-B8E4-91386A7C7D85}.Ad-Hoc|x86.Deploy.0 = Release|Any CPU
		{872293AD-5A40-4702-B8E4-91386A7C7D85}.AppStore|Any CPU.ActiveCfg = Release|Any CPU
		{872293AD-5A40-4702-B8E4-91386A7C7D85}.AppStore|Any CPU.Build.0 = Release|Any CPU
		{872293AD-5A40-4702-B8E4-91386A7C7D85}.AppStore|Any CPU.Deploy.0 = Release|Any CPU
		{872293AD-5A40-4702-B8E4-91386A7C7D85}.AppStore|ARM.ActiveCfg = Release|Any CPU
		{872293AD-5A40-4702-B8E4-91386A7C7D85}.AppStore|ARM.Build.0 = Release|Any CPU
		{872293AD-5A40-4702-B8E4-91386A7C7D85}.AppStore|ARM.Deploy.0 = Release|Any CPU
		{872293AD-5A40-4702-B8E4-91386A7C7D85}.AppStore|iPhone.ActiveCfg = Release|Any CPU
		{872293AD-5A40-4702-B8E4-91386A7C7D85}.AppStore|iPhone.Build.0 = Release|Any CPU
		{872293AD-5A40-4702-B8E4-91386A7C7D85}.AppStore|iPhone.Deploy.0 = Release|Any CPU
		{872293AD-5A40-4702-B8E4-91386A7C7D85}.AppStore|iPhoneSimulator.ActiveCfg = Release|Any CPU
		{872293AD-5A40-4702-B8E4-91386A7C7D85}.AppStore|iPhoneSimulator.Build.0 = Release|Any CPU
		{872293AD-5A40-4702-B8E4-91386A7C7D85}.AppStore|iPhoneSimulator.Deploy.0 = Release|Any CPU
		{872293AD-5A40-4702-B8E4-91386A7C7D85}.AppStore|x64.ActiveCfg = Release|Any CPU
		{872293AD-5A40-4702-B8E4-91386A7C7D85}.AppStore|x64.Build.0 = Release|Any CPU
		{872293AD-5A40-4702-B8E4-91386A7C7D85}.AppStore|x64.Deploy.0 = Release|Any CPU
		{872293AD-5A40-4702-B8E4-91386A7C7D85}.AppStore|x86.ActiveCfg = Release|Any CPU
		{872293AD-5A40-4702-B8E4-91386A7C7D85}.AppStore|x86.Build.0 = Release|Any CPU
		{872293AD-5A40-4702-B8E4-91386A7C7D85}.AppStore|x86.Deploy.0 = Release|Any CPU
		{872293AD-5A40-4702-B8E4-91386A7C7D85}.Debug|Any CPU.ActiveCfg = Debug|Any CPU
		{872293AD-5A40-4702-B8E4-91386A7C7D85}.Debug|Any CPU.Build.0 = Debug|Any CPU
		{872293AD-5A40-4702-B8E4-91386A7C7D85}.Debug|Any CPU.Deploy.0 = Debug|Any CPU
		{872293AD-5A40-4702-B8E4-91386A7C7D85}.Debug|ARM.ActiveCfg = Debug|Any CPU
		{872293AD-5A40-4702-B8E4-91386A7C7D85}.Debug|ARM.Build.0 = Debug|Any CPU
		{872293AD-5A40-4702-B8E4-91386A7C7D85}.Debug|ARM.Deploy.0 = Debug|Any CPU
		{872293AD-5A40-4702-B8E4-91386A7C7D85}.Debug|iPhone.ActiveCfg = Debug|Any CPU
		{872293AD-5A40-4702-B8E4-91386A7C7D85}.Debug|iPhone.Build.0 = Debug|Any CPU
		{872293AD-5A40-4702-B8E4-91386A7C7D85}.Debug|iPhone.Deploy.0 = Debug|Any CPU
		{872293AD-5A40-4702-B8E4-91386A7C7D85}.Debug|iPhoneSimulator.ActiveCfg = Debug|Any CPU
		{872293AD-5A40-4702-B8E4-91386A7C7D85}.Debug|iPhoneSimulator.Build.0 = Debug|Any CPU
		{872293AD-5A40-4702-B8E4-91386A7C7D85}.Debug|iPhoneSimulator.Deploy.0 = Debug|Any CPU
		{872293AD-5A40-4702-B8E4-91386A7C7D85}.Debug|x64.ActiveCfg = Debug|Any CPU
		{872293AD-5A40-4702-B8E4-91386A7C7D85}.Debug|x64.Build.0 = Debug|Any CPU
		{872293AD-5A40-4702-B8E4-91386A7C7D85}.Debug|x64.Deploy.0 = Debug|Any CPU
		{872293AD-5A40-4702-B8E4-91386A7C7D85}.Debug|x86.ActiveCfg = Debug|Any CPU
		{872293AD-5A40-4702-B8E4-91386A7C7D85}.Debug|x86.Build.0 = Debug|Any CPU
		{872293AD-5A40-4702-B8E4-91386A7C7D85}.Debug|x86.Deploy.0 = Debug|Any CPU
		{872293AD-5A40-4702-B8E4-91386A7C7D85}.Release|Any CPU.ActiveCfg = Release|Any CPU
		{872293AD-5A40-4702-B8E4-91386A7C7D85}.Release|Any CPU.Build.0 = Release|Any CPU
		{872293AD-5A40-4702-B8E4-91386A7C7D85}.Release|Any CPU.Deploy.0 = Release|Any CPU
		{872293AD-5A40-4702-B8E4-91386A7C7D85}.Release|ARM.ActiveCfg = Release|Any CPU
		{872293AD-5A40-4702-B8E4-91386A7C7D85}.Release|ARM.Build.0 = Release|Any CPU
		{872293AD-5A40-4702-B8E4-91386A7C7D85}.Release|ARM.Deploy.0 = Release|Any CPU
		{872293AD-5A40-4702-B8E4-91386A7C7D85}.Release|iPhone.ActiveCfg = Release|Any CPU
		{872293AD-5A40-4702-B8E4-91386A7C7D85}.Release|iPhone.Build.0 = Release|Any CPU
		{872293AD-5A40-4702-B8E4-91386A7C7D85}.Release|iPhone.Deploy.0 = Release|Any CPU
		{872293AD-5A40-4702-B8E4-91386A7C7D85}.Release|iPhoneSimulator.ActiveCfg = Release|Any CPU
		{872293AD-5A40-4702-B8E4-91386A7C7D85}.Release|iPhoneSimulator.Build.0 = Release|Any CPU
		{872293AD-5A40-4702-B8E4-91386A7C7D85}.Release|iPhoneSimulator.Deploy.0 = Release|Any CPU
		{872293AD-5A40-4702-B8E4-91386A7C7D85}.Release|x64.ActiveCfg = Release|Any CPU
		{872293AD-5A40-4702-B8E4-91386A7C7D85}.Release|x64.Build.0 = Release|Any CPU
		{872293AD-5A40-4702-B8E4-91386A7C7D85}.Release|x64.Deploy.0 = Release|Any CPU
		{872293AD-5A40-4702-B8E4-91386A7C7D85}.Release|x86.ActiveCfg = Release|Any CPU
		{872293AD-5A40-4702-B8E4-91386A7C7D85}.Release|x86.Build.0 = Release|Any CPU
		{872293AD-5A40-4702-B8E4-91386A7C7D85}.Release|x86.Deploy.0 = Release|Any CPU
		{21AFFCB2-2888-4A2E-9AAA-202F4A032757}.Ad-Hoc|Any CPU.ActiveCfg = Ad-Hoc|iPhone
		{21AFFCB2-2888-4A2E-9AAA-202F4A032757}.Ad-Hoc|Any CPU.Build.0 = Ad-Hoc|iPhone
		{21AFFCB2-2888-4A2E-9AAA-202F4A032757}.Ad-Hoc|Any CPU.Deploy.0 = Ad-Hoc|iPhone
		{21AFFCB2-2888-4A2E-9AAA-202F4A032757}.Ad-Hoc|ARM.ActiveCfg = Ad-Hoc|iPhone
		{21AFFCB2-2888-4A2E-9AAA-202F4A032757}.Ad-Hoc|ARM.Build.0 = Ad-Hoc|iPhone
		{21AFFCB2-2888-4A2E-9AAA-202F4A032757}.Ad-Hoc|ARM.Deploy.0 = Ad-Hoc|iPhone
		{21AFFCB2-2888-4A2E-9AAA-202F4A032757}.Ad-Hoc|iPhone.ActiveCfg = Ad-Hoc|iPhone
		{21AFFCB2-2888-4A2E-9AAA-202F4A032757}.Ad-Hoc|iPhone.Build.0 = Ad-Hoc|iPhone
		{21AFFCB2-2888-4A2E-9AAA-202F4A032757}.Ad-Hoc|iPhone.Deploy.0 = Ad-Hoc|iPhone
		{21AFFCB2-2888-4A2E-9AAA-202F4A032757}.Ad-Hoc|iPhoneSimulator.ActiveCfg = Ad-Hoc|iPhoneSimulator
		{21AFFCB2-2888-4A2E-9AAA-202F4A032757}.Ad-Hoc|iPhoneSimulator.Build.0 = Ad-Hoc|iPhoneSimulator
		{21AFFCB2-2888-4A2E-9AAA-202F4A032757}.Ad-Hoc|iPhoneSimulator.Deploy.0 = Ad-Hoc|iPhoneSimulator
		{21AFFCB2-2888-4A2E-9AAA-202F4A032757}.Ad-Hoc|x64.ActiveCfg = Ad-Hoc|iPhone
		{21AFFCB2-2888-4A2E-9AAA-202F4A032757}.Ad-Hoc|x64.Build.0 = Ad-Hoc|iPhone
		{21AFFCB2-2888-4A2E-9AAA-202F4A032757}.Ad-Hoc|x64.Deploy.0 = Ad-Hoc|iPhone
		{21AFFCB2-2888-4A2E-9AAA-202F4A032757}.Ad-Hoc|x86.ActiveCfg = Ad-Hoc|iPhone
		{21AFFCB2-2888-4A2E-9AAA-202F4A032757}.Ad-Hoc|x86.Build.0 = Ad-Hoc|iPhone
		{21AFFCB2-2888-4A2E-9AAA-202F4A032757}.Ad-Hoc|x86.Deploy.0 = Ad-Hoc|iPhone
		{21AFFCB2-2888-4A2E-9AAA-202F4A032757}.AppStore|Any CPU.ActiveCfg = AppStore|iPhone
		{21AFFCB2-2888-4A2E-9AAA-202F4A032757}.AppStore|Any CPU.Build.0 = AppStore|iPhone
		{21AFFCB2-2888-4A2E-9AAA-202F4A032757}.AppStore|Any CPU.Deploy.0 = AppStore|iPhone
		{21AFFCB2-2888-4A2E-9AAA-202F4A032757}.AppStore|ARM.ActiveCfg = AppStore|iPhone
		{21AFFCB2-2888-4A2E-9AAA-202F4A032757}.AppStore|ARM.Build.0 = AppStore|iPhone
		{21AFFCB2-2888-4A2E-9AAA-202F4A032757}.AppStore|ARM.Deploy.0 = AppStore|iPhone
		{21AFFCB2-2888-4A2E-9AAA-202F4A032757}.AppStore|iPhone.ActiveCfg = AppStore|iPhone
		{21AFFCB2-2888-4A2E-9AAA-202F4A032757}.AppStore|iPhone.Build.0 = AppStore|iPhone
		{21AFFCB2-2888-4A2E-9AAA-202F4A032757}.AppStore|iPhone.Deploy.0 = AppStore|iPhone
		{21AFFCB2-2888-4A2E-9AAA-202F4A032757}.AppStore|iPhoneSimulator.ActiveCfg = AppStore|iPhoneSimulator
		{21AFFCB2-2888-4A2E-9AAA-202F4A032757}.AppStore|iPhoneSimulator.Build.0 = AppStore|iPhoneSimulator
		{21AFFCB2-2888-4A2E-9AAA-202F4A032757}.AppStore|iPhoneSimulator.Deploy.0 = AppStore|iPhoneSimulator
		{21AFFCB2-2888-4A2E-9AAA-202F4A032757}.AppStore|x64.ActiveCfg = AppStore|iPhone
		{21AFFCB2-2888-4A2E-9AAA-202F4A032757}.AppStore|x64.Build.0 = AppStore|iPhone
		{21AFFCB2-2888-4A2E-9AAA-202F4A032757}.AppStore|x64.Deploy.0 = AppStore|iPhone
		{21AFFCB2-2888-4A2E-9AAA-202F4A032757}.AppStore|x86.ActiveCfg = AppStore|iPhone
		{21AFFCB2-2888-4A2E-9AAA-202F4A032757}.AppStore|x86.Build.0 = AppStore|iPhone
		{21AFFCB2-2888-4A2E-9AAA-202F4A032757}.AppStore|x86.Deploy.0 = AppStore|iPhone
		{21AFFCB2-2888-4A2E-9AAA-202F4A032757}.Debug|Any CPU.ActiveCfg = Debug|iPhoneSimulator
		{21AFFCB2-2888-4A2E-9AAA-202F4A032757}.Debug|Any CPU.Build.0 = Debug|iPhoneSimulator
		{21AFFCB2-2888-4A2E-9AAA-202F4A032757}.Debug|Any CPU.Deploy.0 = Debug|iPhoneSimulator
		{21AFFCB2-2888-4A2E-9AAA-202F4A032757}.Debug|ARM.ActiveCfg = Debug|iPhone
		{21AFFCB2-2888-4A2E-9AAA-202F4A032757}.Debug|ARM.Build.0 = Debug|iPhone
		{21AFFCB2-2888-4A2E-9AAA-202F4A032757}.Debug|ARM.Deploy.0 = Debug|iPhone
		{21AFFCB2-2888-4A2E-9AAA-202F4A032757}.Debug|iPhone.ActiveCfg = Debug|iPhone
		{21AFFCB2-2888-4A2E-9AAA-202F4A032757}.Debug|iPhone.Build.0 = Debug|iPhone
		{21AFFCB2-2888-4A2E-9AAA-202F4A032757}.Debug|iPhone.Deploy.0 = Debug|iPhone
		{21AFFCB2-2888-4A2E-9AAA-202F4A032757}.Debug|iPhoneSimulator.ActiveCfg = Debug|iPhoneSimulator
		{21AFFCB2-2888-4A2E-9AAA-202F4A032757}.Debug|iPhoneSimulator.Build.0 = Debug|iPhoneSimulator
		{21AFFCB2-2888-4A2E-9AAA-202F4A032757}.Debug|iPhoneSimulator.Deploy.0 = Debug|iPhoneSimulator
		{21AFFCB2-2888-4A2E-9AAA-202F4A032757}.Debug|x64.ActiveCfg = Debug|iPhone
		{21AFFCB2-2888-4A2E-9AAA-202F4A032757}.Debug|x64.Build.0 = Debug|iPhone
		{21AFFCB2-2888-4A2E-9AAA-202F4A032757}.Debug|x64.Deploy.0 = Debug|iPhone
		{21AFFCB2-2888-4A2E-9AAA-202F4A032757}.Debug|x86.ActiveCfg = Debug|iPhone
		{21AFFCB2-2888-4A2E-9AAA-202F4A032757}.Debug|x86.Build.0 = Debug|iPhone
		{21AFFCB2-2888-4A2E-9AAA-202F4A032757}.Debug|x86.Deploy.0 = Debug|iPhone
		{21AFFCB2-2888-4A2E-9AAA-202F4A032757}.Release|Any CPU.ActiveCfg = Release|iPhone
		{21AFFCB2-2888-4A2E-9AAA-202F4A032757}.Release|Any CPU.Build.0 = Release|iPhone
		{21AFFCB2-2888-4A2E-9AAA-202F4A032757}.Release|Any CPU.Deploy.0 = Release|iPhone
		{21AFFCB2-2888-4A2E-9AAA-202F4A032757}.Release|ARM.ActiveCfg = Release|iPhone
		{21AFFCB2-2888-4A2E-9AAA-202F4A032757}.Release|ARM.Build.0 = Release|iPhone
		{21AFFCB2-2888-4A2E-9AAA-202F4A032757}.Release|ARM.Deploy.0 = Release|iPhone
		{21AFFCB2-2888-4A2E-9AAA-202F4A032757}.Release|iPhone.ActiveCfg = Release|iPhone
		{21AFFCB2-2888-4A2E-9AAA-202F4A032757}.Release|iPhone.Build.0 = Release|iPhone
		{21AFFCB2-2888-4A2E-9AAA-202F4A032757}.Release|iPhone.Deploy.0 = Release|iPhone
		{21AFFCB2-2888-4A2E-9AAA-202F4A032757}.Release|iPhoneSimulator.ActiveCfg = Release|iPhoneSimulator
		{21AFFCB2-2888-4A2E-9AAA-202F4A032757}.Release|iPhoneSimulator.Build.0 = Release|iPhoneSimulator
		{21AFFCB2-2888-4A2E-9AAA-202F4A032757}.Release|iPhoneSimulator.Deploy.0 = Release|iPhoneSimulator
		{21AFFCB2-2888-4A2E-9AAA-202F4A032757}.Release|x64.ActiveCfg = Release|iPhone
		{21AFFCB2-2888-4A2E-9AAA-202F4A032757}.Release|x64.Build.0 = Release|iPhone
		{21AFFCB2-2888-4A2E-9AAA-202F4A032757}.Release|x64.Deploy.0 = Release|iPhone
		{21AFFCB2-2888-4A2E-9AAA-202F4A032757}.Release|x86.ActiveCfg = Release|iPhone
		{21AFFCB2-2888-4A2E-9AAA-202F4A032757}.Release|x86.Build.0 = Release|iPhone
		{21AFFCB2-2888-4A2E-9AAA-202F4A032757}.Release|x86.Deploy.0 = Release|iPhone
		{617643D1-8C94-42B1-B530-44575EE74611}.Ad-Hoc|Any CPU.ActiveCfg = Release|x86
		{617643D1-8C94-42B1-B530-44575EE74611}.Ad-Hoc|Any CPU.Build.0 = Release|x86
		{617643D1-8C94-42B1-B530-44575EE74611}.Ad-Hoc|Any CPU.Deploy.0 = Release|x86
		{617643D1-8C94-42B1-B530-44575EE74611}.Ad-Hoc|ARM.ActiveCfg = Release|ARM
		{617643D1-8C94-42B1-B530-44575EE74611}.Ad-Hoc|ARM.Build.0 = Release|ARM
		{617643D1-8C94-42B1-B530-44575EE74611}.Ad-Hoc|ARM.Deploy.0 = Release|ARM
		{617643D1-8C94-42B1-B530-44575EE74611}.Ad-Hoc|iPhone.ActiveCfg = Release|x86
		{617643D1-8C94-42B1-B530-44575EE74611}.Ad-Hoc|iPhone.Build.0 = Release|x86
		{617643D1-8C94-42B1-B530-44575EE74611}.Ad-Hoc|iPhone.Deploy.0 = Release|x86
		{617643D1-8C94-42B1-B530-44575EE74611}.Ad-Hoc|iPhoneSimulator.ActiveCfg = Release|x86
		{617643D1-8C94-42B1-B530-44575EE74611}.Ad-Hoc|iPhoneSimulator.Build.0 = Release|x86
		{617643D1-8C94-42B1-B530-44575EE74611}.Ad-Hoc|iPhoneSimulator.Deploy.0 = Release|x86
		{617643D1-8C94-42B1-B530-44575EE74611}.Ad-Hoc|x64.ActiveCfg = Release|x64
		{617643D1-8C94-42B1-B530-44575EE74611}.Ad-Hoc|x64.Build.0 = Release|x64
		{617643D1-8C94-42B1-B530-44575EE74611}.Ad-Hoc|x64.Deploy.0 = Release|x64
		{617643D1-8C94-42B1-B530-44575EE74611}.Ad-Hoc|x86.ActiveCfg = Release|x86
		{617643D1-8C94-42B1-B530-44575EE74611}.Ad-Hoc|x86.Build.0 = Release|x86
		{617643D1-8C94-42B1-B530-44575EE74611}.Ad-Hoc|x86.Deploy.0 = Release|x86
		{617643D1-8C94-42B1-B530-44575EE74611}.AppStore|Any CPU.ActiveCfg = Release|x86
		{617643D1-8C94-42B1-B530-44575EE74611}.AppStore|Any CPU.Build.0 = Release|x86
		{617643D1-8C94-42B1-B530-44575EE74611}.AppStore|Any CPU.Deploy.0 = Release|x86
		{617643D1-8C94-42B1-B530-44575EE74611}.AppStore|ARM.ActiveCfg = Release|ARM
		{617643D1-8C94-42B1-B530-44575EE74611}.AppStore|ARM.Build.0 = Release|ARM
		{617643D1-8C94-42B1-B530-44575EE74611}.AppStore|ARM.Deploy.0 = Release|ARM
		{617643D1-8C94-42B1-B530-44575EE74611}.AppStore|iPhone.ActiveCfg = Release|x86
		{617643D1-8C94-42B1-B530-44575EE74611}.AppStore|iPhone.Build.0 = Release|x86
		{617643D1-8C94-42B1-B530-44575EE74611}.AppStore|iPhone.Deploy.0 = Release|x86
		{617643D1-8C94-42B1-B530-44575EE74611}.AppStore|iPhoneSimulator.ActiveCfg = Release|x86
		{617643D1-8C94-42B1-B530-44575EE74611}.AppStore|iPhoneSimulator.Build.0 = Release|x86
		{617643D1-8C94-42B1-B530-44575EE74611}.AppStore|iPhoneSimulator.Deploy.0 = Release|x86
		{617643D1-8C94-42B1-B530-44575EE74611}.AppStore|x64.ActiveCfg = Release|x64
		{617643D1-8C94-42B1-B530-44575EE74611}.AppStore|x64.Build.0 = Release|x64
		{617643D1-8C94-42B1-B530-44575EE74611}.AppStore|x64.Deploy.0 = Release|x64
		{617643D1-8C94-42B1-B530-44575EE74611}.AppStore|x86.ActiveCfg = Release|x86
		{617643D1-8C94-42B1-B530-44575EE74611}.AppStore|x86.Build.0 = Release|x86
		{617643D1-8C94-42B1-B530-44575EE74611}.AppStore|x86.Deploy.0 = Release|x86
		{617643D1-8C94-42B1-B530-44575EE74611}.Debug|Any CPU.ActiveCfg = Debug|x86
		{617643D1-8C94-42B1-B530-44575EE74611}.Debug|Any CPU.Build.0 = Debug|x86
		{617643D1-8C94-42B1-B530-44575EE74611}.Debug|Any CPU.Deploy.0 = Debug|x86
		{617643D1-8C94-42B1-B530-44575EE74611}.Debug|ARM.ActiveCfg = Debug|ARM
		{617643D1-8C94-42B1-B530-44575EE74611}.Debug|ARM.Build.0 = Debug|ARM
		{617643D1-8C94-42B1-B530-44575EE74611}.Debug|ARM.Deploy.0 = Debug|ARM
		{617643D1-8C94-42B1-B530-44575EE74611}.Debug|iPhone.ActiveCfg = Debug|x86
		{617643D1-8C94-42B1-B530-44575EE74611}.Debug|iPhone.Build.0 = Debug|x86
		{617643D1-8C94-42B1-B530-44575EE74611}.Debug|iPhone.Deploy.0 = Debug|x86
		{617643D1-8C94-42B1-B530-44575EE74611}.Debug|iPhoneSimulator.ActiveCfg = Debug|x86
		{617643D1-8C94-42B1-B530-44575EE74611}.Debug|iPhoneSimulator.Build.0 = Debug|x86
		{617643D1-8C94-42B1-B530-44575EE74611}.Debug|iPhoneSimulator.Deploy.0 = Debug|x86
		{617643D1-8C94-42B1-B530-44575EE74611}.Debug|x64.ActiveCfg = Debug|x64
		{617643D1-8C94-42B1-B530-44575EE74611}.Debug|x64.Build.0 = Debug|x64
		{617643D1-8C94-42B1-B530-44575EE74611}.Debug|x64.Deploy.0 = Debug|x64
		{617643D1-8C94-42B1-B530-44575EE74611}.Debug|x86.ActiveCfg = Debug|x86
		{617643D1-8C94-42B1-B530-44575EE74611}.Debug|x86.Build.0 = Debug|x86
		{617643D1-8C94-42B1-B530-44575EE74611}.Debug|x86.Deploy.0 = Debug|x86
		{617643D1-8C94-42B1-B530-44575EE74611}.Release|Any CPU.ActiveCfg = Release|x86
		{617643D1-8C94-42B1-B530-44575EE74611}.Release|Any CPU.Build.0 = Release|x86
		{617643D1-8C94-42B1-B530-44575EE74611}.Release|Any CPU.Deploy.0 = Release|x86
		{617643D1-8C94-42B1-B530-44575EE74611}.Release|ARM.ActiveCfg = Release|ARM
		{617643D1-8C94-42B1-B530-44575EE74611}.Release|ARM.Build.0 = Release|ARM
		{617643D1-8C94-42B1-B530-44575EE74611}.Release|ARM.Deploy.0 = Release|ARM
		{617643D1-8C94-42B1-B530-44575EE74611}.Release|iPhone.ActiveCfg = Release|x86
		{617643D1-8C94-42B1-B530-44575EE74611}.Release|iPhone.Build.0 = Release|x86
		{617643D1-8C94-42B1-B530-44575EE74611}.Release|iPhone.Deploy.0 = Release|x86
		{617643D1-8C94-42B1-B530-44575EE74611}.Release|iPhoneSimulator.ActiveCfg = Release|x86
		{617643D1-8C94-42B1-B530-44575EE74611}.Release|iPhoneSimulator.Build.0 = Release|x86
		{617643D1-8C94-42B1-B530-44575EE74611}.Release|iPhoneSimulator.Deploy.0 = Release|x86
		{617643D1-8C94-42B1-B530-44575EE74611}.Release|x64.ActiveCfg = Release|x64
		{617643D1-8C94-42B1-B530-44575EE74611}.Release|x64.Build.0 = Release|x64
		{617643D1-8C94-42B1-B530-44575EE74611}.Release|x64.Deploy.0 = Release|x64
		{617643D1-8C94-42B1-B530-44575EE74611}.Release|x86.ActiveCfg = Release|x86
		{617643D1-8C94-42B1-B530-44575EE74611}.Release|x86.Build.0 = Release|x86
		{617643D1-8C94-42B1-B530-44575EE74611}.Release|x86.Deploy.0 = Release|x86
	EndGlobalSection
	GlobalSection(SolutionProperties) = preSolution
		HideSolutionNode = FALSE
	EndGlobalSection
	GlobalSection(ExtensibilityGlobals) = postSolution
		SolutionGuid = {81A48F49-8042-47BE-A51E-1545B6AE6DBD}
	EndGlobalSection
EndGlobal
